// !$*UTF8*$!
{
	archiveVersion = 1;
	classes = {
	};
	objectVersion = 48;
	objects = {

/* Begin PBXBuildFile section */
		16D449A61F8FF71800EBECEF /* AppDelegate.swift in Sources */ = {isa = PBXBuildFile; fileRef = 16D449A51F8FF71800EBECEF /* AppDelegate.swift */; };
		16D449A81F8FF71800EBECEF /* ViewController.swift in Sources */ = {isa = PBXBuildFile; fileRef = 16D449A71F8FF71800EBECEF /* ViewController.swift */; };
		16D449AB1F8FF71800EBECEF /* Main.storyboard in Resources */ = {isa = PBXBuildFile; fileRef = 16D449A91F8FF71800EBECEF /* Main.storyboard */; };
		16D449AD1F8FF71800EBECEF /* Assets.xcassets in Resources */ = {isa = PBXBuildFile; fileRef = 16D449AC1F8FF71800EBECEF /* Assets.xcassets */; };
		16D449B01F8FF71800EBECEF /* LaunchScreen.storyboard in Resources */ = {isa = PBXBuildFile; fileRef = 16D449AE1F8FF71800EBECEF /* LaunchScreen.storyboard */; };
/* End PBXBuildFile section */

/* Begin PBXFileReference section */
		16D449A21F8FF71800EBECEF /* MetalApp.app */ = {isa = PBXFileReference; explicitFileType = wrapper.application; includeInIndex = 0; path = MetalApp.app; sourceTree = BUILT_PRODUCTS_DIR; };
		16D449A51F8FF71800EBECEF /* AppDelegate.swift */ = {isa = PBXFileReference; lastKnownFileType = sourcecode.swift; path = AppDelegate.swift; sourceTree = "<group>"; };
		16D449A71F8FF71800EBECEF /* ViewController.swift */ = {isa = PBXFileReference; lastKnownFileType = sourcecode.swift; path = ViewController.swift; sourceTree = "<group>"; };
		16D449AA1F8FF71800EBECEF /* Base */ = {isa = PBXFileReference; lastKnownFileType = file.storyboard; name = Base; path = Base.lproj/Main.storyboard; sourceTree = "<group>"; };
		16D449AC1F8FF71800EBECEF /* Assets.xcassets */ = {isa = PBXFileReference; lastKnownFileType = folder.assetcatalog; path = Assets.xcassets; sourceTree = "<group>"; };
		16D449AF1F8FF71800EBECEF /* Base */ = {isa = PBXFileReference; lastKnownFileType = file.storyboard; name = Base; path = Base.lproj/LaunchScreen.storyboard; sourceTree = "<group>"; };
		16D449B11F8FF71800EBECEF /* Info.plist */ = {isa = PBXFileReference; lastKnownFileType = text.plist.xml; path = Info.plist; sourceTree = "<group>"; };
		16D449B71F8FF73E00EBECEF /* metallica1986.jpg */ = {isa = PBXFileReference; lastKnownFileType = image.jpeg; path = metallica1986.jpg; sourceTree = "<group>"; };
/* End PBXFileReference section */

/* Begin PBXFrameworksBuildPhase section */
		16D4499F1F8FF71800EBECEF /* Frameworks */ = {
			isa = PBXFrameworksBuildPhase;
			buildActionMask = 2147483647;
			files = (
			);
			runOnlyForDeploymentPostprocessing = 0;
		};
/* End PBXFrameworksBuildPhase section */

/* Begin PBXGroup section */
		16D449991F8FF71800EBECEF = {
			isa = PBXGroup;
			children = (
				16D449A41F8FF71800EBECEF /* MetalApp */,
				16D449A31F8FF71800EBECEF /* Products */,
			);
			sourceTree = "<group>";
		};
		16D449A31F8FF71800EBECEF /* Products */ = {
			isa = PBXGroup;
			children = (
				16D449A21F8FF71800EBECEF /* MetalApp.app */,
			);
			name = Products;
			sourceTree = "<group>";
		};
		16D449A41F8FF71800EBECEF /* MetalApp */ = {
			isa = PBXGroup;
			children = (
				16D449A51F8FF71800EBECEF /* AppDelegate.swift */,
				16D449A71F8FF71800EBECEF /* ViewController.swift */,
				16D449A91F8FF71800EBECEF /* Main.storyboard */,
				16D449AC1F8FF71800EBECEF /* Assets.xcassets */,
				16D449B71F8FF73E00EBECEF /* metallica1986.jpg */,
				16D449AE1F8FF71800EBECEF /* LaunchScreen.storyboard */,
				16D449B11F8FF71800EBECEF /* Info.plist */,
			);
			path = MetalApp;
			sourceTree = "<group>";
		};
/* End PBXGroup section */

/* Begin PBXNativeTarget section */
		16D449A11F8FF71800EBECEF /* MetalApp */ = {
			isa = PBXNativeTarget;
			buildConfigurationList = 16D449B41F8FF71800EBECEF /* Build configuration list for PBXNativeTarget "MetalApp" */;
			buildPhases = (
				16D4499E1F8FF71800EBECEF /* Sources */,
				16D4499F1F8FF71800EBECEF /* Frameworks */,
				16D449A01F8FF71800EBECEF /* Resources */,
			);
			buildRules = (
			);
			dependencies = (
			);
			name = MetalApp;
			productName = MetalApp;
			productReference = 16D449A21F8FF71800EBECEF /* MetalApp.app */;
			productType = "com.apple.product-type.application";
		};
/* End PBXNativeTarget section */

/* Begin PBXProject section */
		16D4499A1F8FF71800EBECEF /* Project object */ = {
			isa = PBXProject;
			attributes = {
				LastSwiftUpdateCheck = 0900;
				LastUpgradeCheck = 0900;
				ORGANIZATIONNAME = StudioATX;
				TargetAttributes = {
					16D449A11F8FF71800EBECEF = {
						CreatedOnToolsVersion = 9.0;
						ProvisioningStyle = Automatic;
					};
				};
			};
			buildConfigurationList = 16D4499D1F8FF71800EBECEF /* Build configuration list for PBXProject "MetalApp" */;
			compatibilityVersion = "Xcode 8.0";
			developmentRegion = en;
			hasScannedForEncodings = 0;
			knownRegions = (
				en,
				Base,
			);
			mainGroup = 16D449991F8FF71800EBECEF;
			productRefGroup = 16D449A31F8FF71800EBECEF /* Products */;
			projectDirPath = "";
			projectRoot = "";
			targets = (
				16D449A11F8FF71800EBECEF /* MetalApp */,
			);
		};
/* End PBXProject section */

/* Begin PBXResourcesBuildPhase section */
		16D449A01F8FF71800EBECEF /* Resources */ = {
			isa = PBXResourcesBuildPhase;
			buildActionMask = 2147483647;
			files = (
				16D449B01F8FF71800EBECEF /* LaunchScreen.storyboard in Resources */,
				16D449AD1F8FF71800EBECEF /* Assets.xcassets in Resources */,
				16D449AB1F8FF71800EBECEF /* Main.storyboard in Resources */,
			);
			runOnlyForDeploymentPostprocessing = 0;
		};
/* End PBXResourcesBuildPhase section */

/* Begin PBXSourcesBuildPhase section */
		16D4499E1F8FF71800EBECEF /* Sources */ = {
			isa = PBXSourcesBuildPhase;
			buildActionMask = 2147483647;
			files = (
				16D449A81F8FF71800EBECEF /* ViewController.swift in Sources */,
				16D449A61F8FF71800EBECEF /* AppDelegate.swift in Sources */,
			);
			runOnlyForDeploymentPostprocessing = 0;
		};
/* End PBXSourcesBuildPhase section */

/* Begin PBXVariantGroup section */
		16D449A91F8FF71800EBECEF /* Main.storyboard */ = {
			isa = PBXVariantGroup;
			children = (
				16D449AA1F8FF71800EBECEF /* Base */,
			);
			name = Main.storyboard;
			sourceTree = "<group>";
		};
		16D449AE1F8FF71800EBECEF /* LaunchScreen.storyboard */ = {
			isa = PBXVariantGroup;
			children = (
				16D449AF1F8FF71800EBECEF /* Base */,
			);
			name = LaunchScreen.storyboard;
			sourceTree = "<group>";
		};
/* End PBXVariantGroup section */

/* Begin XCBuildConfiguration section */
		16D449B21F8FF71800EBECEF /* Debug */ = {
			isa = XCBuildConfiguration;
			buildSettings = {
				ALWAYS_SEARCH_USER_PATHS = NO;
				CLANG_ANALYZER_NONNULL = YES;
				CLANG_ANALYZER_NUMBER_OBJECT_CONVERSION = YES_AGGRESSIVE;
				CLANG_CXX_LANGUAGE_STANDARD = "gnu++14";
				CLANG_CXX_LIBRARY = "libc++";
				CLANG_ENABLE_MODULES = YES;
				CLANG_ENABLE_OBJC_ARC = YES;
				CLANG_WARN_BLOCK_CAPTURE_AUTORELEASING = YES;
				CLANG_WARN_BOOL_CONVERSION = YES;
				CLANG_WARN_COMMA = YES;
				CLANG_WARN_CONSTANT_CONVERSION = YES;
				CLANG_WARN_DIRECT_OBJC_ISA_USAGE = YES_ERROR;
				CLANG_WARN_DOCUMENTATION_COMMENTS = YES;
				CLANG_WARN_EMPTY_BODY = YES;
				CLANG_WARN_ENUM_CONVERSION = YES;
				CLANG_WARN_INFINITE_RECURSION = YES;
				CLANG_WARN_INT_CONVERSION = YES;
				CLANG_WARN_NON_LITERAL_NULL_CONVERSION = YES;
				CLANG_WARN_OBJC_LITERAL_CONVERSION = YES;
				CLANG_WARN_OBJC_ROOT_CLASS = YES_ERROR;
				CLANG_WARN_RANGE_LOOP_ANALYSIS = YES;
				CLANG_WARN_STRICT_PROTOTYPES = YES;
				CLANG_WARN_SUSPICIOUS_MOVE = YES;
				CLANG_WARN_UNGUARDED_AVAILABILITY = YES_AGGRESSIVE;
				CLANG_WARN_UNREACHABLE_CODE = YES;
				CLANG_WARN__DUPLICATE_METHOD_MATCH = YES;
				CODE_SIGN_IDENTITY = "iPhone Developer";
				COPY_PHASE_STRIP = NO;
				DEBUG_INFORMATION_FORMAT = dwarf;
				ENABLE_STRICT_OBJC_MSGSEND = YES;
				ENABLE_TESTABILITY = YES;
				GCC_C_LANGUAGE_STANDARD = gnu11;
				GCC_DYNAMIC_NO_PIC = NO;
				GCC_NO_COMMON_BLOCKS = YES;
				GCC_OPTIMIZATION_LEVEL = 0;
				GCC_PREPROCESSOR_DEFINITIONS = (
					"DEBUG=1",
					"$(inherited)",
				);
				GCC_WARN_64_TO_32_BIT_CONVERSION = YES;
				GCC_WARN_ABOUT_RETURN_TYPE = YES_ERROR;
				GCC_WARN_UNDECLARED_SELECTOR = YES;
				GCC_WARN_UNINITIALIZED_AUTOS = YES_AGGRESSIVE;
				GCC_WARN_UNUSED_FUNCTION = YES;
				GCC_WARN_UNUSED_VARIABLE = YES;
				IPHONEOS_DEPLOYMENT_TARGET = 11.0;
				MTL_ENABLE_DEBUG_INFO = YES;
				ONLY_ACTIVE_ARCH = YES;
				SDKROOT = iphoneos;
				SWIFT_ACTIVE_COMPILATION_CONDITIONS = DEBUG;
				SWIFT_OPTIMIZATION_LEVEL = "-Onone";
			};
			name = Debug;
		};
		16D449B31F8FF71800EBECEF /* Release */ = {
			isa = XCBuildConfiguration;
			buildSettings = {
				ALWAYS_SEARCH_USER_PATHS = NO;
				CLANG_ANALYZER_NONNULL = YES;
				CLANG_ANALYZER_NUMBER_OBJECT_CONVERSION = YES_AGGRESSIVE;
				CLANG_CXX_LANGUAGE_STANDARD = "gnu++14";
				CLANG_CXX_LIBRARY = "libc++";
				CLANG_ENABLE_MODULES = YES;
				CLANG_ENABLE_OBJC_ARC = YES;
				CLANG_WARN_BLOCK_CAPTURE_AUTORELEASING = YES;
				CLANG_WARN_BOOL_CONVERSION = YES;
				CLANG_WARN_COMMA = YES;
				CLANG_WARN_CONSTANT_CONVERSION = YES;
				CLANG_WARN_DIRECT_OBJC_ISA_USAGE = YES_ERROR;
				CLANG_WARN_DOCUMENTATION_COMMENTS = YES;
				CLANG_WARN_EMPTY_BODY = YES;
				CLANG_WARN_ENUM_CONVERSION = YES;
				CLANG_WARN_INFINITE_RECURSION = YES;
				CLANG_WARN_INT_CONVERSION = YES;
				CLANG_WARN_NON_LITERAL_NULL_CONVERSION = YES;
				CLANG_WARN_OBJC_LITERAL_CONVERSION = YES;
				CLANG_WARN_OBJC_ROOT_CLASS = YES_ERROR;
				CLANG_WARN_RANGE_LOOP_ANALYSIS = YES;
				CLANG_WARN_STRICT_PROTOTYPES = YES;
				CLANG_WARN_SUSPICIOUS_MOVE = YES;
				CLANG_WARN_UNGUARDED_AVAILABILITY = YES_AGGRESSIVE;
				CLANG_WARN_UNREACHABLE_CODE = YES;
				CLANG_WARN__DUPLICATE_METHOD_MATCH = YES;
				CODE_SIGN_IDENTITY = "iPhone Developer";
				COPY_PHASE_STRIP = NO;
				DEBUG_INFORMATION_FORMAT = "dwarf-with-dsym";
				ENABLE_NS_ASSERTIONS = NO;
				ENABLE_STRICT_OBJC_MSGSEND = YES;
				GCC_C_LANGUAGE_STANDARD = gnu11;
				GCC_NO_COMMON_BLOCKS = YES;
				GCC_WARN_64_TO_32_BIT_CONVERSION = YES;
				GCC_WARN_ABOUT_RETURN_TYPE = YES_ERROR;
				GCC_WARN_UNDECLARED_SELECTOR = YES;
				GCC_WARN_UNINITIALIZED_AUTOS = YES_AGGRESSIVE;
				GCC_WARN_UNUSED_FUNCTION = YES;
				GCC_WARN_UNUSED_VARIABLE = YES;
				IPHONEOS_DEPLOYMENT_TARGET = 11.0;
				MTL_ENABLE_DEBUG_INFO = NO;
				SDKROOT = iphoneos;
				SWIFT_OPTIMIZATION_LEVEL = "-Owholemodule";
				VALIDATE_PRODUCT = YES;
			};
			name = Release;
		};
		16D449B51F8FF71800EBECEF /* Debug */ = {
			isa = XCBuildConfiguration;
			buildSettings = {
				ASSETCATALOG_COMPILER_APPICON_NAME = AppIcon;
				CODE_SIGN_STYLE = Automatic;
				DEVELOPMENT_TEAM = 8S8H54VKPE;
				INFOPLIST_FILE = MetalApp/Info.plist;
				LD_RUNPATH_SEARCH_PATHS = "$(inherited) @executable_path/Frameworks";
				PRODUCT_BUNDLE_IDENTIFIER = com.studioatx.MetalApp;
				PRODUCT_NAME = "$(TARGET_NAME)";
				SWIFT_VERSION = 4.0;
				TARGETED_DEVICE_FAMILY = "1,2";
			};
			name = Debug;
		};
		16D449B61F8FF71800EBECEF /* Release */ = {
			isa = XCBuildConfiguration;
			buildSettings = {
				ASSETCATALOG_COMPILER_APPICON_NAME = AppIcon;
				CODE_SIGN_STYLE = Automatic;
				DEVELOPMENT_TEAM = 8S8H54VKPE;
				INFOPLIST_FILE = MetalApp/Info.plist;
				LD_RUNPATH_SEARCH_PATHS = "$(inherited) @executable_path/Frameworks";
				PRODUCT_BUNDLE_IDENTIFIER = com.studioatx.MetalApp;
				PRODUCT_NAME = "$(TARGET_NAME)";
				SWIFT_VERSION = 4.0;
				TARGETED_DEVICE_FAMILY = "1,2";
			};
			name = Release;
		};
/* End XCBuildConfiguration section */

/* Begin XCConfigurationList section */
		16D4499D1F8FF71800EBECEF /* Build configuration list for PBXProject "MetalApp" */ = {
			isa = XCConfigurationList;
			buildConfigurations = (
				16D449B21F8FF71800EBECEF /* Debug */,
				16D449B31F8FF71800EBECEF /* Release */,
			);
			defaultConfigurationIsVisible = 0;
			defaultConfigurationName = Release;
		};
		16D449B41F8FF71800EBECEF /* Build configuration list for PBXNativeTarget "MetalApp" */ = {
			isa = XCConfigurationList;
			buildConfigurations = (
				16D449B51F8FF71800EBECEF /* Debug */,
				16D449B61F8FF71800EBECEF /* Release */,
			);
			defaultConfigurationIsVisible = 0;
			defaultConfigurationName = Release;
		};
/* End XCConfigurationList section */
	};
	rootObject = 16D4499A1F8FF71800EBECEF /* Project object */;
}
